
Microsoft Visual Studio Solution File, Format Version 12.00
# Visual Studio 15
VisualStudioVersion = 15.0.26430.16
MinimumVisualStudioVersion = 10.0.40219.1
Project("{FAE04EC0-301F-11D3-BF4B-00C04F79EFBC}") = "AutomatedCAVLTests", "C:\Users\michael.pritchard.CORP\Documents\Visual Studio 2017\Projects\ShipCompliantMNCAVLTests\ShipCompliantTestSite\AutomatedCAVLTests.csproj", "{B5C8ECB6-B007-4BC3-8933-55162D0AF380}"
EndProject
Global
	GlobalSection(SolutionConfigurationPlatforms) = preSolution
		Debug|Any CPU = Debug|Any CPU
		Release|Any CPU = Release|Any CPU
	EndGlobalSection
	GlobalSection(ProjectConfigurationPlatforms) = postSolution
		{B5C8ECB6-B007-4BC3-8933-55162D0AF380}.Debug|Any CPU.ActiveCfg = Debug|Any CPU
		{B5C8ECB6-B007-4BC3-8933-55162D0AF380}.Debug|Any CPU.Build.0 = Debug|Any CPU
		{B5C8ECB6-B007-4BC3-8933-55162D0AF380}.Release|Any CPU.ActiveCfg = Release|Any CPU
		{B5C8ECB6-B007-4BC3-8933-55162D0AF380}.Release|Any CPU.Build.0 = Release|Any CPU
	EndGlobalSection
	GlobalSection(SolutionProperties) = preSolution
		HideSolutionNode = FALSE
	EndGlobalSection
EndGlobal
